
Microsoft Visual Studio Solution File, Format Version 12.00
Project("{FAE04EC0-301F-11D3-BF4B-00C04F79EFBC}") = "DvdRentalDb_EFCore", "DvdRentalDb_EFCore\DvdRentalDb_EFCore.csproj", "{9C03A880-6219-419D-82EC-4F95F7935996}"
EndProject
Project("{2150E333-8FDC-42A3-9474-1A3956D46DE8}") = "Persistance", "Persistance", "{BA7581DB-37A1-4842-B452-89C81D4D399B}"
EndProject
Project("{FAE04EC0-301F-11D3-BF4B-00C04F79EFBC}") = "Persistance.Ef", "Persistance.Ef\Persistance.Ef.csproj", "{D4BA0477-0F12-4D5A-A39E-2793A0A33C38}"
EndProject
Project("{2150E333-8FDC-42A3-9474-1A3956D46DE8}") = "Domain", "Domain", "{09F576FE-9B94-4665-82B2-8A5B2A385727}"
EndProject
Project("{2150E333-8FDC-42A3-9474-1A3956D46DE8}") = "Application", "Application", "{07CC5039-363A-4B56-9EC3-B7B8D46E20B5}"
EndProject
Project("{FAE04EC0-301F-11D3-BF4B-00C04F79EFBC}") = "Domain.Core", "Domain.Core\Domain.Core.csproj", "{656992C6-19A4-47E5-93E8-04FA7392FADC}"
EndProject
Project("{FAE04EC0-301F-11D3-BF4B-00C04F79EFBC}") = "App", "App\App.csproj", "{69267413-D494-4808-B60D-09AB2CBB1BC4}"
EndProject
Project("{FAE04EC0-301F-11D3-BF4B-00C04F79EFBC}") = "Persistance.Scaffold.Pg", "Persistance.Scaffold.Pg\Persistance.Scaffold.Pg.csproj", "{72C78076-7445-46A8-8182-F305DEEE6BC2}"
EndProject
Global
	GlobalSection(SolutionConfigurationPlatforms) = preSolution
		Debug|Any CPU = Debug|Any CPU
		Release|Any CPU = Release|Any CPU
	EndGlobalSection
	GlobalSection(ProjectConfigurationPlatforms) = postSolution
		{9C03A880-6219-419D-82EC-4F95F7935996}.Debug|Any CPU.ActiveCfg = Debug|Any CPU
		{9C03A880-6219-419D-82EC-4F95F7935996}.Debug|Any CPU.Build.0 = Debug|Any CPU
		{9C03A880-6219-419D-82EC-4F95F7935996}.Release|Any CPU.ActiveCfg = Release|Any CPU
		{9C03A880-6219-419D-82EC-4F95F7935996}.Release|Any CPU.Build.0 = Release|Any CPU
		{D4BA0477-0F12-4D5A-A39E-2793A0A33C38}.Debug|Any CPU.ActiveCfg = Debug|Any CPU
		{D4BA0477-0F12-4D5A-A39E-2793A0A33C38}.Debug|Any CPU.Build.0 = Debug|Any CPU
		{D4BA0477-0F12-4D5A-A39E-2793A0A33C38}.Release|Any CPU.ActiveCfg = Release|Any CPU
		{D4BA0477-0F12-4D5A-A39E-2793A0A33C38}.Release|Any CPU.Build.0 = Release|Any CPU
		{656992C6-19A4-47E5-93E8-04FA7392FADC}.Debug|Any CPU.ActiveCfg = Debug|Any CPU
		{656992C6-19A4-47E5-93E8-04FA7392FADC}.Debug|Any CPU.Build.0 = Debug|Any CPU
		{656992C6-19A4-47E5-93E8-04FA7392FADC}.Release|Any CPU.ActiveCfg = Release|Any CPU
		{656992C6-19A4-47E5-93E8-04FA7392FADC}.Release|Any CPU.Build.0 = Release|Any CPU
		{69267413-D494-4808-B60D-09AB2CBB1BC4}.Debug|Any CPU.ActiveCfg = Debug|Any CPU
		{69267413-D494-4808-B60D-09AB2CBB1BC4}.Debug|Any CPU.Build.0 = Debug|Any CPU
		{69267413-D494-4808-B60D-09AB2CBB1BC4}.Release|Any CPU.ActiveCfg = Release|Any CPU
		{69267413-D494-4808-B60D-09AB2CBB1BC4}.Release|Any CPU.Build.0 = Release|Any CPU
		{72C78076-7445-46A8-8182-F305DEEE6BC2}.Debug|Any CPU.ActiveCfg = Debug|Any CPU
		{72C78076-7445-46A8-8182-F305DEEE6BC2}.Debug|Any CPU.Build.0 = Debug|Any CPU
		{72C78076-7445-46A8-8182-F305DEEE6BC2}.Release|Any CPU.ActiveCfg = Release|Any CPU
		{72C78076-7445-46A8-8182-F305DEEE6BC2}.Release|Any CPU.Build.0 = Release|Any CPU
	EndGlobalSection
	GlobalSection(NestedProjects) = preSolution
		{D4BA0477-0F12-4D5A-A39E-2793A0A33C38} = {BA7581DB-37A1-4842-B452-89C81D4D399B}
		{656992C6-19A4-47E5-93E8-04FA7392FADC} = {09F576FE-9B94-4665-82B2-8A5B2A385727}
		{69267413-D494-4808-B60D-09AB2CBB1BC4} = {07CC5039-363A-4B56-9EC3-B7B8D46E20B5}
		{72C78076-7445-46A8-8182-F305DEEE6BC2} = {BA7581DB-37A1-4842-B452-89C81D4D399B}
	EndGlobalSection
EndGlobal
