
Microsoft Visual Studio Solution File, Format Version 12.00
Project("{FAE04EC0-301F-11D3-BF4B-00C04F79EFBC}") = "ParallelExample", "ParallelExample\ParallelExample.csproj", "{C838E58F-A74A-4E81-AE6C-1619ADD5564B}"
EndProject
Project("{FAE04EC0-301F-11D3-BF4B-00C04F79EFBC}") = "ParallelExample.Api", "ParallelExample.Api\ParallelExample.Api.csproj", "{C7A50460-32CB-463D-881C-8AF96369F051}"
EndProject
Global
	GlobalSection(SolutionConfigurationPlatforms) = preSolution
		Debug|Any CPU = Debug|Any CPU
		Release|Any CPU = Release|Any CPU
	EndGlobalSection
	GlobalSection(ProjectConfigurationPlatforms) = postSolution
		{C838E58F-A74A-4E81-AE6C-1619ADD5564B}.Debug|Any CPU.ActiveCfg = Debug|Any CPU
		{C838E58F-A74A-4E81-AE6C-1619ADD5564B}.Debug|Any CPU.Build.0 = Debug|Any CPU
		{C838E58F-A74A-4E81-AE6C-1619ADD5564B}.Release|Any CPU.ActiveCfg = Release|Any CPU
		{C838E58F-A74A-4E81-AE6C-1619ADD5564B}.Release|Any CPU.Build.0 = Release|Any CPU
		{C7A50460-32CB-463D-881C-8AF96369F051}.Debug|Any CPU.ActiveCfg = Debug|Any CPU
		{C7A50460-32CB-463D-881C-8AF96369F051}.Debug|Any CPU.Build.0 = Debug|Any CPU
		{C7A50460-32CB-463D-881C-8AF96369F051}.Release|Any CPU.ActiveCfg = Release|Any CPU
		{C7A50460-32CB-463D-881C-8AF96369F051}.Release|Any CPU.Build.0 = Release|Any CPU
	EndGlobalSection
EndGlobal
