
Microsoft Visual Studio Solution File, Format Version 12.00
Project("{FAE04EC0-301F-11D3-BF4B-00C04F79EFBC}") = "Using_DI", "Using_DI\Using_DI.csproj", "{BBDFDAEB-87FA-494F-964F-D8552A699F00}"
EndProject
Global
	GlobalSection(SolutionConfigurationPlatforms) = preSolution
		Debug|Any CPU = Debug|Any CPU
		Release|Any CPU = Release|Any CPU
	EndGlobalSection
	GlobalSection(ProjectConfigurationPlatforms) = postSolution
		{BBDFDAEB-87FA-494F-964F-D8552A699F00}.Debug|Any CPU.ActiveCfg = Debug|Any CPU
		{BBDFDAEB-87FA-494F-964F-D8552A699F00}.Debug|Any CPU.Build.0 = Debug|Any CPU
		{BBDFDAEB-87FA-494F-964F-D8552A699F00}.Release|Any CPU.ActiveCfg = Release|Any CPU
		{BBDFDAEB-87FA-494F-964F-D8552A699F00}.Release|Any CPU.Build.0 = Release|Any CPU
	EndGlobalSection
EndGlobal
