
Microsoft Visual Studio Solution File, Format Version 12.00
Project("{FAE04EC0-301F-11D3-BF4B-00C04F79EFBC}") = "WebApi", "WebApi\WebApi.csproj", "{4BA3E1BE-070F-454A-96C3-85C21F486BF9}"
EndProject
Project("{2150E333-8FDC-42A3-9474-1A3956D46DE8}") = "Infrastructure", "Infrastructure", "{6707F811-8066-416C-97E5-2250B8DD958A}"
EndProject
Project("{FAE04EC0-301F-11D3-BF4B-00C04F79EFBC}") = "Infrastructure.SignalRhub", "Infrastructure.SignalRhub\Infrastructure.SignalRhub.csproj", "{C79878D0-F8BA-40E5-92F5-AF1A8B9EC9DB}"
EndProject
Project("{2150E333-8FDC-42A3-9474-1A3956D46DE8}") = "App", "App", "{59A2F421-C00C-4D9A-BFEF-87D0BEE818C4}"
EndProject
Project("{2150E333-8FDC-42A3-9474-1A3956D46DE8}") = "Api", "Api", "{AC96165E-0AD4-4087-A335-04EFE107BBA3}"
EndProject
Project("{2150E333-8FDC-42A3-9474-1A3956D46DE8}") = "External", "External", "{D02D48E1-A686-408F-852F-C6BE74DDA7EB}"
EndProject
Project("{FAE04EC0-301F-11D3-BF4B-00C04F79EFBC}") = "Console.SignalRClient", "Console.SignalRClient\Console.SignalRClient.csproj", "{F6C2F51B-EE93-4509-A92F-848CBBB271AE}"
EndProject
Project("{FAE04EC0-301F-11D3-BF4B-00C04F79EFBC}") = "App.Core", "App.Core\App.Core.csproj", "{E5065AD7-F85C-4C24-882A-184D16C4A103}"
EndProject
Project("{2150E333-8FDC-42A3-9474-1A3956D46DE8}") = "Domain", "Domain", "{AD16C7FA-97FE-4EBC-8FC3-A130A427164B}"
EndProject
Project("{FAE04EC0-301F-11D3-BF4B-00C04F79EFBC}") = "Domain.Core", "Domain.Core\Domain.Core.csproj", "{06B17CA6-0FB5-42FD-8E2A-EA09D7988257}"
EndProject
Project("{2150E333-8FDC-42A3-9474-1A3956D46DE8}") = "Solution Items", "Solution Items", "{86E4192F-2162-4C39-B7B1-3A654AA888EA}"
	ProjectSection(SolutionItems) = preProject
		docker-compose.yml = docker-compose.yml
	EndProjectSection
EndProject
Global
	GlobalSection(SolutionConfigurationPlatforms) = preSolution
		Debug|Any CPU = Debug|Any CPU
		Release|Any CPU = Release|Any CPU
	EndGlobalSection
	GlobalSection(ProjectConfigurationPlatforms) = postSolution
		{4BA3E1BE-070F-454A-96C3-85C21F486BF9}.Debug|Any CPU.ActiveCfg = Debug|Any CPU
		{4BA3E1BE-070F-454A-96C3-85C21F486BF9}.Debug|Any CPU.Build.0 = Debug|Any CPU
		{4BA3E1BE-070F-454A-96C3-85C21F486BF9}.Release|Any CPU.ActiveCfg = Release|Any CPU
		{4BA3E1BE-070F-454A-96C3-85C21F486BF9}.Release|Any CPU.Build.0 = Release|Any CPU
		{C79878D0-F8BA-40E5-92F5-AF1A8B9EC9DB}.Debug|Any CPU.ActiveCfg = Debug|Any CPU
		{C79878D0-F8BA-40E5-92F5-AF1A8B9EC9DB}.Debug|Any CPU.Build.0 = Debug|Any CPU
		{C79878D0-F8BA-40E5-92F5-AF1A8B9EC9DB}.Release|Any CPU.ActiveCfg = Release|Any CPU
		{C79878D0-F8BA-40E5-92F5-AF1A8B9EC9DB}.Release|Any CPU.Build.0 = Release|Any CPU
		{F6C2F51B-EE93-4509-A92F-848CBBB271AE}.Debug|Any CPU.ActiveCfg = Debug|Any CPU
		{F6C2F51B-EE93-4509-A92F-848CBBB271AE}.Debug|Any CPU.Build.0 = Debug|Any CPU
		{F6C2F51B-EE93-4509-A92F-848CBBB271AE}.Release|Any CPU.ActiveCfg = Release|Any CPU
		{F6C2F51B-EE93-4509-A92F-848CBBB271AE}.Release|Any CPU.Build.0 = Release|Any CPU
		{E5065AD7-F85C-4C24-882A-184D16C4A103}.Debug|Any CPU.ActiveCfg = Debug|Any CPU
		{E5065AD7-F85C-4C24-882A-184D16C4A103}.Debug|Any CPU.Build.0 = Debug|Any CPU
		{E5065AD7-F85C-4C24-882A-184D16C4A103}.Release|Any CPU.ActiveCfg = Release|Any CPU
		{E5065AD7-F85C-4C24-882A-184D16C4A103}.Release|Any CPU.Build.0 = Release|Any CPU
		{06B17CA6-0FB5-42FD-8E2A-EA09D7988257}.Debug|Any CPU.ActiveCfg = Debug|Any CPU
		{06B17CA6-0FB5-42FD-8E2A-EA09D7988257}.Debug|Any CPU.Build.0 = Debug|Any CPU
		{06B17CA6-0FB5-42FD-8E2A-EA09D7988257}.Release|Any CPU.ActiveCfg = Release|Any CPU
		{06B17CA6-0FB5-42FD-8E2A-EA09D7988257}.Release|Any CPU.Build.0 = Release|Any CPU
	EndGlobalSection
	GlobalSection(NestedProjects) = preSolution
		{C79878D0-F8BA-40E5-92F5-AF1A8B9EC9DB} = {6707F811-8066-416C-97E5-2250B8DD958A}
		{4BA3E1BE-070F-454A-96C3-85C21F486BF9} = {AC96165E-0AD4-4087-A335-04EFE107BBA3}
		{F6C2F51B-EE93-4509-A92F-848CBBB271AE} = {D02D48E1-A686-408F-852F-C6BE74DDA7EB}
		{E5065AD7-F85C-4C24-882A-184D16C4A103} = {59A2F421-C00C-4D9A-BFEF-87D0BEE818C4}
		{06B17CA6-0FB5-42FD-8E2A-EA09D7988257} = {AD16C7FA-97FE-4EBC-8FC3-A130A427164B}
	EndGlobalSection
EndGlobal
