
Microsoft Visual Studio Solution File, Format Version 12.00
Project("{FAE04EC0-301F-11D3-BF4B-00C04F79EFBC}") = "Infrastructure.Persistance.Pg", "Infrastructure.Persistance.Pg\Infrastructure.Persistance.Pg.csproj", "{8E679511-952B-4B26-BBC9-4B3D142A7D26}"
EndProject
Project("{2150E333-8FDC-42A3-9474-1A3956D46DE8}") = "Tests", "Tests", "{0588B75B-9AB7-498C-ABCB-298C2C0F27D0}"
EndProject
Project("{FAE04EC0-301F-11D3-BF4B-00C04F79EFBC}") = "Test", "Test\Test.csproj", "{14BDE930-1908-4C55-A421-6ED621F6BCBA}"
EndProject
Project("{2150E333-8FDC-42A3-9474-1A3956D46DE8}") = "Api", "Api", "{A3176F4A-B62D-4A61-B94A-A2D5E4EFD0EF}"
EndProject
Project("{FAE04EC0-301F-11D3-BF4B-00C04F79EFBC}") = "Api.WebApi", "Api.WebApi\Api.WebApi.csproj", "{091767F3-3F65-4599-8273-A7AB05CEF85B}"
EndProject
Project("{2150E333-8FDC-42A3-9474-1A3956D46DE8}") = "Domain", "Domain", "{940EA18D-13E6-4462-AA9F-1DD967214694}"
EndProject
Project("{FAE04EC0-301F-11D3-BF4B-00C04F79EFBC}") = "Domain.Books", "Domain.Books\Domain.Books.csproj", "{44F863CB-DCE8-4AE6-A4EC-C022D903B22C}"
EndProject
Project("{2150E333-8FDC-42A3-9474-1A3956D46DE8}") = "Application", "Application", "{98C505ED-A2D6-4DB8-8161-37A9B9B2C23F}"
EndProject
Project("{FAE04EC0-301F-11D3-BF4B-00C04F79EFBC}") = "Application.Core", "Application.Core\Application.Core.csproj", "{7D574995-7F3F-4996-95BD-7FB34E47D785}"
EndProject
Global
	GlobalSection(SolutionConfigurationPlatforms) = preSolution
		Debug|Any CPU = Debug|Any CPU
		Release|Any CPU = Release|Any CPU
	EndGlobalSection
	GlobalSection(ProjectConfigurationPlatforms) = postSolution
		{8E679511-952B-4B26-BBC9-4B3D142A7D26}.Debug|Any CPU.ActiveCfg = Debug|Any CPU
		{8E679511-952B-4B26-BBC9-4B3D142A7D26}.Debug|Any CPU.Build.0 = Debug|Any CPU
		{8E679511-952B-4B26-BBC9-4B3D142A7D26}.Release|Any CPU.ActiveCfg = Release|Any CPU
		{8E679511-952B-4B26-BBC9-4B3D142A7D26}.Release|Any CPU.Build.0 = Release|Any CPU
		{14BDE930-1908-4C55-A421-6ED621F6BCBA}.Debug|Any CPU.ActiveCfg = Debug|Any CPU
		{14BDE930-1908-4C55-A421-6ED621F6BCBA}.Debug|Any CPU.Build.0 = Debug|Any CPU
		{14BDE930-1908-4C55-A421-6ED621F6BCBA}.Release|Any CPU.ActiveCfg = Release|Any CPU
		{14BDE930-1908-4C55-A421-6ED621F6BCBA}.Release|Any CPU.Build.0 = Release|Any CPU
		{091767F3-3F65-4599-8273-A7AB05CEF85B}.Debug|Any CPU.ActiveCfg = Debug|Any CPU
		{091767F3-3F65-4599-8273-A7AB05CEF85B}.Debug|Any CPU.Build.0 = Debug|Any CPU
		{091767F3-3F65-4599-8273-A7AB05CEF85B}.Release|Any CPU.ActiveCfg = Release|Any CPU
		{091767F3-3F65-4599-8273-A7AB05CEF85B}.Release|Any CPU.Build.0 = Release|Any CPU
		{44F863CB-DCE8-4AE6-A4EC-C022D903B22C}.Debug|Any CPU.ActiveCfg = Debug|Any CPU
		{44F863CB-DCE8-4AE6-A4EC-C022D903B22C}.Debug|Any CPU.Build.0 = Debug|Any CPU
		{44F863CB-DCE8-4AE6-A4EC-C022D903B22C}.Release|Any CPU.ActiveCfg = Release|Any CPU
		{44F863CB-DCE8-4AE6-A4EC-C022D903B22C}.Release|Any CPU.Build.0 = Release|Any CPU
		{7D574995-7F3F-4996-95BD-7FB34E47D785}.Debug|Any CPU.ActiveCfg = Debug|Any CPU
		{7D574995-7F3F-4996-95BD-7FB34E47D785}.Debug|Any CPU.Build.0 = Debug|Any CPU
		{7D574995-7F3F-4996-95BD-7FB34E47D785}.Release|Any CPU.ActiveCfg = Release|Any CPU
		{7D574995-7F3F-4996-95BD-7FB34E47D785}.Release|Any CPU.Build.0 = Release|Any CPU
	EndGlobalSection
	GlobalSection(NestedProjects) = preSolution
		{14BDE930-1908-4C55-A421-6ED621F6BCBA} = {0588B75B-9AB7-498C-ABCB-298C2C0F27D0}
		{091767F3-3F65-4599-8273-A7AB05CEF85B} = {A3176F4A-B62D-4A61-B94A-A2D5E4EFD0EF}
		{44F863CB-DCE8-4AE6-A4EC-C022D903B22C} = {940EA18D-13E6-4462-AA9F-1DD967214694}
		{7D574995-7F3F-4996-95BD-7FB34E47D785} = {98C505ED-A2D6-4DB8-8161-37A9B9B2C23F}
	EndGlobalSection
EndGlobal
